
Microsoft Visual Studio Solution File, Format Version 11.00
# Visual Studio 2010
Project("{8BC9CEB8-8B4A-11D0-8D11-00A0C91BC942}") = "Learn", "Learn\Learn.vcxproj", "{D4913F4B-515D-4AB3-9AF8-64FD768D4C0C}"
EndProject
Global
	GlobalSection(SolutionConfigurationPlatforms) = preSolution
		Debug|Win32 = Debug|Win32
		Release|Win32 = Release|Win32
	EndGlobalSection
	GlobalSection(ProjectConfigurationPlatforms) = postSolution
		{D4913F4B-515D-4AB3-9AF8-64FD768D4C0C}.Debug|Win32.ActiveCfg = Debug|Win32
		{D4913F4B-515D-4AB3-9AF8-64FD768D4C0C}.Debug|Win32.Build.0 = Debug|Win32
		{D4913F4B-515D-4AB3-9AF8-64FD768D4C0C}.Release|Win32.ActiveCfg = Release|Win32
		{D4913F4B-515D-4AB3-9AF8-64FD768D4C0C}.Release|Win32.Build.0 = Release|Win32
	EndGlobalSection
	GlobalSection(SolutionProperties) = preSolution
		HideSolutionNode = FALSE
	EndGlobalSection
EndGlobal
